{
  "requires": true,
  "lockfileVersion": 1,
  "dependencies": {
    "klaro": {
      "version": "0.7.1",
      "resolved": "https://registry.npmjs.org/klaro/-/klaro-0.7.1.tgz",
      "integrity": "sha512-Vm39LNr2kov7f+h86KZyQnv0w/SNsc1Ik9T6aAOUuVhETUWI98jQk8Wabi1YFp3sM/bFO7XnCQC4xoMh7XQMxw=="
    }
  }
}
